
Microsoft Visual Studio Solution File, Format Version 12.00
# Visual Studio Version 16
VisualStudioVersion = 16.0.29009.5
MinimumVisualStudioVersion = 10.0.40219.1
Project("{888888A0-9F3D-457C-B088-3A5042F75D52}") = "NeuroNet", "NeuroNet.pyproj", "{1E25006C-AE31-4845-BD1F-18CBE63E364C}"
EndProject
Global
	GlobalSection(SolutionConfigurationPlatforms) = preSolution
		Debug|Any CPU = Debug|Any CPU
		Release|Any CPU = Release|Any CPU
	EndGlobalSection
	GlobalSection(ProjectConfigurationPlatforms) = postSolution
		{1E25006C-AE31-4845-BD1F-18CBE63E364C}.Debug|Any CPU.ActiveCfg = Debug|Any CPU
		{1E25006C-AE31-4845-BD1F-18CBE63E364C}.Debug|Any CPU.Build.0 = Debug|Any CPU
		{1E25006C-AE31-4845-BD1F-18CBE63E364C}.Release|Any CPU.ActiveCfg = Release|Any CPU
		{1E25006C-AE31-4845-BD1F-18CBE63E364C}.Release|Any CPU.Build.0 = Release|Any CPU
	EndGlobalSection
	GlobalSection(SolutionProperties) = preSolution
		HideSolutionNode = FALSE
	EndGlobalSection
	GlobalSection(ExtensibilityGlobals) = postSolution
		SolutionGuid = {C9F26C01-EB47-4E92-90C3-0B8EC42060F7}
	EndGlobalSection
EndGlobal
